
Microsoft Visual Studio Solution File, Format Version 12.00
# Visual Studio 15
VisualStudioVersion = 15.0.28307.2092
MinimumVisualStudioVersion = 10.0.40219.1
Project("{8BC9CEB8-8B4A-11D0-8D11-00A0C91BC942}") = "CAD_Proj", "CAD_Proj\CAD_Proj.vcxproj", "{49DFC1F2-8A7E-40B5-AE3A-E5BE73C557C2}"
EndProject
Global
	GlobalSection(SolutionConfigurationPlatforms) = preSolution
		Debug|x64 = Debug|x64
		Debug|x86 = Debug|x86
		Release|x64 = Release|x64
		Release|x86 = Release|x86
	EndGlobalSection
	GlobalSection(ProjectConfigurationPlatforms) = postSolution
		{49DFC1F2-8A7E-40B5-AE3A-E5BE73C557C2}.Debug|x64.ActiveCfg = Debug|x64
		{49DFC1F2-8A7E-40B5-AE3A-E5BE73C557C2}.Debug|x64.Build.0 = Debug|x64
		{49DFC1F2-8A7E-40B5-AE3A-E5BE73C557C2}.Debug|x86.ActiveCfg = Debug|Win32
		{49DFC1F2-8A7E-40B5-AE3A-E5BE73C557C2}.Debug|x86.Build.0 = Debug|Win32
		{49DFC1F2-8A7E-40B5-AE3A-E5BE73C557C2}.Release|x64.ActiveCfg = Release|x64
		{49DFC1F2-8A7E-40B5-AE3A-E5BE73C557C2}.Release|x64.Build.0 = Release|x64
		{49DFC1F2-8A7E-40B5-AE3A-E5BE73C557C2}.Release|x86.ActiveCfg = Release|Win32
		{49DFC1F2-8A7E-40B5-AE3A-E5BE73C557C2}.Release|x86.Build.0 = Release|Win32
	EndGlobalSection
	GlobalSection(SolutionProperties) = preSolution
		HideSolutionNode = FALSE
	EndGlobalSection
	GlobalSection(ExtensibilityGlobals) = postSolution
		SolutionGuid = {A9FC60FB-902E-4362-BC70-15BBB0BD4017}
	EndGlobalSection
EndGlobal
